
Microsoft Visual Studio Solution File, Format Version 12.00
# Visual Studio Version 16
VisualStudioVersion = 16.0.30804.86
MinimumVisualStudioVersion = 10.0.40219.1
Project("{888888A0-9F3D-457C-B088-3A5042F75D52}") = "DjangoSearchView", "DjangoSearchView\DjangoSearchView.pyproj", "{4C71FAAD-9A2F-4236-80BF-361A0570C7AA}"
EndProject
Global
	GlobalSection(SolutionConfigurationPlatforms) = preSolution
		Debug|Any CPU = Debug|Any CPU
		Release|Any CPU = Release|Any CPU
	EndGlobalSection
	GlobalSection(ProjectConfigurationPlatforms) = postSolution
		{4C71FAAD-9A2F-4236-80BF-361A0570C7AA}.Debug|Any CPU.ActiveCfg = Debug|Any CPU
		{4C71FAAD-9A2F-4236-80BF-361A0570C7AA}.Debug|Any CPU.Build.0 = Debug|Any CPU
		{4C71FAAD-9A2F-4236-80BF-361A0570C7AA}.Release|Any CPU.ActiveCfg = Release|Any CPU
		{4C71FAAD-9A2F-4236-80BF-361A0570C7AA}.Release|Any CPU.Build.0 = Release|Any CPU
	EndGlobalSection
	GlobalSection(SolutionProperties) = preSolution
		HideSolutionNode = FALSE
	EndGlobalSection
	GlobalSection(ExtensibilityGlobals) = postSolution
		SolutionGuid = {2BB2B93A-C7DD-4B5D-9B38-E18ECD4E4B4D}
	EndGlobalSection
EndGlobal
